// !$*UTF8*$!
{
	archiveVersion = 1;
	classes = {
	};
	objectVersion = 56;
	objects = {

/* Begin PBXBuildFile section */
		13D32A5A2F9B2303005253C1 /* FirebaseAuth in Frameworks */ = {isa = PBXBuildFile; productRef = 13D32A592F9B2303005253C1 /* FirebaseAuth */; };
		13D32A5C2F9B2303005253C1 /* FirebaseCore in Frameworks */ = {isa = PBXBuildFile; productRef = 13D32A5B2F9B2303005253C1 /* FirebaseCore */; };
		13D32A5E2F9B2444005253C1 /* GoogleService-Info.plist in Resources */ = {isa = PBXBuildFile; fileRef = 13D32A5D2F9B2444005253C1 /* GoogleService-Info.plist */; };
		13D32A602F9B2303005253C1 /* FirebaseFirestore in Frameworks */ = {isa = PBXBuildFile; productRef = 13D32A5F2F9B2303005253C1 /* FirebaseFirestore */; };
		BFD0000000000000000000001 /* DoselyApp.swift in Sources */ = {isa = PBXBuildFile; fileRef = FRD0000000000000000000001 /* DoselyApp.swift */; };
		BFD0000000000000000000002 /* ContentView.swift in Sources */ = {isa = PBXBuildFile; fileRef = FRD0000000000000000000002 /* ContentView.swift */; };
		BFD0000000000000000000003 /* Persistence.swift in Sources */ = {isa = PBXBuildFile; fileRef = FRD0000000000000000000003 /* Persistence.swift */; };
		BFD0000000000000000000004 /* Dosely.xcdatamodeld in Sources */ = {isa = PBXBuildFile; fileRef = FRD0000000000000000000004 /* Dosely.xcdatamodeld */; };
		BFD0000000000000000000005 /* Assets.xcassets in Resources */ = {isa = PBXBuildFile; fileRef = FRD0000000000000000000005 /* Assets.xcassets */; };
		BFD0000000000000000000006 /* Preview Assets.xcassets in Resources */ = {isa = PBXBuildFile; fileRef = FRD0000000000000000000006 /* Preview Assets.xcassets */; };
		BFD0000000000000000000010 /* DSColors.swift in Sources */ = {isa = PBXBuildFile; fileRef = FRD0000000000000000000010 /* DSColors.swift */; };
		BFD0000000000000000000011 /* DSTypography.swift in Sources */ = {isa = PBXBuildFile; fileRef = FRD0000000000000000000011 /* DSTypography.swift */; };
		BFD0000000000000000000012 /* DSSpacing.swift in Sources */ = {isa = PBXBuildFile; fileRef = FRD0000000000000000000012 /* DSSpacing.swift */; };
		BFD0000000000000000000013 /* DesignSystemPreview.swift in Sources */ = {isa = PBXBuildFile; fileRef = FRD0000000000000000000013 /* DesignSystemPreview.swift */; };
		BFD0000000000000000000014 /* CoreDataStack.swift in Sources */ = {isa = PBXBuildFile; fileRef = FRD0000000000000000000014 /* CoreDataStack.swift */; };
		BFD0000000000000000000015 /* MedicationRepository.swift in Sources */ = {isa = PBXBuildFile; fileRef = FRD0000000000000000000015 /* MedicationRepository.swift */; };
		BFD0000000000000000000021 /* MedicationRepositoryTests.swift in Sources */ = {isa = PBXBuildFile; fileRef = FRD0000000000000000000021 /* MedicationRepositoryTests.swift */; };
		BFD0000000000000000000030 /* TodayView.swift in Sources */ = {isa = PBXBuildFile; fileRef = FRD0000000000000000000030 /* TodayView.swift */; };
		BFD0000000000000000000031 /* TodayViewModel.swift in Sources */ = {isa = PBXBuildFile; fileRef = FRD0000000000000000000031 /* TodayViewModel.swift */; };
		BFD0000000000000000000032 /* SeedData.swift in Sources */ = {isa = PBXBuildFile; fileRef = FRD0000000000000000000032 /* SeedData.swift */; };
		BFD0000000000000000000033 /* DoseCardView.swift in Sources */ = {isa = PBXBuildFile; fileRef = FRD0000000000000000000033 /* DoseCardView.swift */; };
		BFD0000000000000000000034 /* EmptyTodayView.swift in Sources */ = {isa = PBXBuildFile; fileRef = FRD0000000000000000000034 /* EmptyTodayView.swift */; };
		BFD0000000000000000000040 /* AddMedicationFlow.swift in Sources */ = {isa = PBXBuildFile; fileRef = FRD0000000000000000000040 /* AddMedicationFlow.swift */; };
		BFD0000000000000000000041 /* ReminderScheduler.swift in Sources */ = {isa = PBXBuildFile; fileRef = FRD0000000000000000000041 /* ReminderScheduler.swift */; };
		BFD0000000000000000000042 /* StepShell.swift in Sources */ = {isa = PBXBuildFile; fileRef = FRD0000000000000000000042 /* StepShell.swift */; };
		BFD0000000000000000000043 /* Step1NameView.swift in Sources */ = {isa = PBXBuildFile; fileRef = FRD0000000000000000000043 /* Step1NameView.swift */; };
		BFD0000000000000000000044 /* Step2DoseView.swift in Sources */ = {isa = PBXBuildFile; fileRef = FRD0000000000000000000044 /* Step2DoseView.swift */; };
		BFD0000000000000000000045 /* Step3FrequencyView.swift in Sources */ = {isa = PBXBuildFile; fileRef = FRD0000000000000000000045 /* Step3FrequencyView.swift */; };
		BFD0000000000000000000046 /* Step4TimesView.swift in Sources */ = {isa = PBXBuildFile; fileRef = FRD0000000000000000000046 /* Step4TimesView.swift */; };
		BFD0000000000000000000047 /* Step5FoodRuleView.swift in Sources */ = {isa = PBXBuildFile; fileRef = FRD0000000000000000000047 /* Step5FoodRuleView.swift */; };
		BFD0000000000000000000048 /* Step6SupplyView.swift in Sources */ = {isa = PBXBuildFile; fileRef = FRD0000000000000000000048 /* Step6SupplyView.swift */; };
		BFD0000000000000000000049 /* Step7NotesView.swift in Sources */ = {isa = PBXBuildFile; fileRef = FRD0000000000000000000049 /* Step7NotesView.swift */; };
		BFD000000000000000000004A /* Step8ReviewView.swift in Sources */ = {isa = PBXBuildFile; fileRef = FRD000000000000000000004A /* Step8ReviewView.swift */; };
		BFD0000000000000000000050 /* NotificationsAppDelegate.swift in Sources */ = {isa = PBXBuildFile; fileRef = FRD0000000000000000000050 /* NotificationsAppDelegate.swift */; };
		BFD0000000000000000000051 /* MissedDoseChecker.swift in Sources */ = {isa = PBXBuildFile; fileRef = FRD0000000000000000000051 /* MissedDoseChecker.swift */; };
		BFD0000000000000000000052 /* PermissionBanner.swift in Sources */ = {isa = PBXBuildFile; fileRef = FRD0000000000000000000052 /* PermissionBanner.swift */; };
		BFD0000000000000000000053 /* DebugToolbar.swift in Sources */ = {isa = PBXBuildFile; fileRef = FRD0000000000000000000053 /* DebugToolbar.swift */; };
		BFD0000000000000000000060 /* HistoryView.swift in Sources */ = {isa = PBXBuildFile; fileRef = FRD0000000000000000000060 /* HistoryView.swift */; };
		BFD0000000000000000000061 /* HistoryViewModel.swift in Sources */ = {isa = PBXBuildFile; fileRef = FRD0000000000000000000061 /* HistoryViewModel.swift */; };
		BFD0000000000000000000062 /* WeekPicker.swift in Sources */ = {isa = PBXBuildFile; fileRef = FRD0000000000000000000062 /* WeekPicker.swift */; };
		BFD0000000000000000000063 /* WeekGridView.swift in Sources */ = {isa = PBXBuildFile; fileRef = FRD0000000000000000000063 /* WeekGridView.swift */; };
		BFD0000000000000000000064 /* DoseCell.swift in Sources */ = {isa = PBXBuildFile; fileRef = FRD0000000000000000000064 /* DoseCell.swift */; };
		BFD0000000000000000000065 /* WeekCellDetailView.swift in Sources */ = {isa = PBXBuildFile; fileRef = FRD0000000000000000000065 /* WeekCellDetailView.swift */; };
		BFD0000000000000000000070 /* Keychain.swift in Sources */ = {isa = PBXBuildFile; fileRef = FRD0000000000000000000070 /* Keychain.swift */; };
		BFD0000000000000000000071 /* AuthService.swift in Sources */ = {isa = PBXBuildFile; fileRef = FRD0000000000000000000071 /* AuthService.swift */; };
		BFD0000000000000000000072 /* AuthGate.swift in Sources */ = {isa = PBXBuildFile; fileRef = FRD0000000000000000000072 /* AuthGate.swift */; };
		BFD0000000000000000000073 /* LoginView.swift in Sources */ = {isa = PBXBuildFile; fileRef = FRD0000000000000000000073 /* LoginView.swift */; };
		BFD0000000000000000000074 /* SignUpView.swift in Sources */ = {isa = PBXBuildFile; fileRef = FRD0000000000000000000074 /* SignUpView.swift */; };
		BFD0000000000000000000075 /* PasswordResetView.swift in Sources */ = {isa = PBXBuildFile; fileRef = FRD0000000000000000000075 /* PasswordResetView.swift */; };
		BFD0000000000000000000076 /* MedicalDisclaimerView.swift in Sources */ = {isa = PBXBuildFile; fileRef = FRD0000000000000000000076 /* MedicalDisclaimerView.swift */; };
		BFD0000000000000000000077 /* SettingsSheet.swift in Sources */ = {isa = PBXBuildFile; fileRef = FRD0000000000000000000077 /* SettingsSheet.swift */; };
		BFD0000000000000000000080 /* DrugInfoRepository.swift in Sources */ = {isa = PBXBuildFile; fileRef = FRD0000000000000000000080 /* DrugInfoRepository.swift */; };
		BFD0000000000000000000081 /* MedicationDetailView.swift in Sources */ = {isa = PBXBuildFile; fileRef = FRD0000000000000000000081 /* MedicationDetailView.swift */; };
		BFD0000000000000000000082 /* drug_info.json in Resources */ = {isa = PBXBuildFile; fileRef = FRD0000000000000000000082 /* drug_info.json */; };
		BFD0000000000000000000083 /* DrugInfoRepositoryTests.swift in Sources */ = {isa = PBXBuildFile; fileRef = FRD0000000000000000000083 /* DrugInfoRepositoryTests.swift */; };
		BFD0000000000000000000090 /* OpenFDADrugService.swift in Sources */ = {isa = PBXBuildFile; fileRef = FRD0000000000000000000090 /* OpenFDADrugService.swift */; };
		BFD0000000000000000000091 /* DrugInfoCache.swift in Sources */ = {isa = PBXBuildFile; fileRef = FRD0000000000000000000091 /* DrugInfoCache.swift */; };
		BFD0000000000000000000092 /* DrugInfoCacheTests.swift in Sources */ = {isa = PBXBuildFile; fileRef = FRD0000000000000000000092 /* DrugInfoCacheTests.swift */; };
		BFD0000000000000000000093 /* OpenFDAContentParser.swift in Sources */ = {isa = PBXBuildFile; fileRef = FRD0000000000000000000093 /* OpenFDAContentParser.swift */; };
		BFD0000000000000000000094 /* OpenFDAContentParserTests.swift in Sources */ = {isa = PBXBuildFile; fileRef = FRD0000000000000000000094 /* OpenFDAContentParserTests.swift */; };
		BFD00000000000000000000A0 /* OCRService.swift in Sources */ = {isa = PBXBuildFile; fileRef = FRD00000000000000000000A0 /* OCRService.swift */; };
		BFD00000000000000000000A1 /* PrescriptionParser.swift in Sources */ = {isa = PBXBuildFile; fileRef = FRD00000000000000000000A1 /* PrescriptionParser.swift */; };
		BFD00000000000000000000A2 /* CameraScanView.swift in Sources */ = {isa = PBXBuildFile; fileRef = FRD00000000000000000000A2 /* CameraScanView.swift */; };
		BFD00000000000000000000A3 /* ScanReviewView.swift in Sources */ = {isa = PBXBuildFile; fileRef = FRD00000000000000000000A3 /* ScanReviewView.swift */; };
		BFD00000000000000000000A4 /* ScanCoordinator.swift in Sources */ = {isa = PBXBuildFile; fileRef = FRD00000000000000000000A4 /* ScanCoordinator.swift */; };
		BFD00000000000000000000A5 /* PrescriptionParserTests.swift in Sources */ = {isa = PBXBuildFile; fileRef = FRD00000000000000000000A5 /* PrescriptionParserTests.swift */; };
		BFD00000000000000000000B0 /* LocalizationBundle.swift in Sources */ = {isa = PBXBuildFile; fileRef = FRD00000000000000000000B0 /* LocalizationBundle.swift */; };
		BFD00000000000000000000B1 /* LocalizedFormatters.swift in Sources */ = {isa = PBXBuildFile; fileRef = FRD00000000000000000000B1 /* LocalizedFormatters.swift */; };
		BFD00000000000000000000B2 /* LanguagePickerView.swift in Sources */ = {isa = PBXBuildFile; fileRef = FRD00000000000000000000B2 /* LanguagePickerView.swift */; };
		BFD00000000000000000000B3 /* VoiceReadoutHelper.swift in Sources */ = {isa = PBXBuildFile; fileRef = FRD00000000000000000000B3 /* VoiceReadoutHelper.swift */; };
		BFD00000000000000000000B4 /* drug_info_pa.json in Resources */ = {isa = PBXBuildFile; fileRef = FRD00000000000000000000B4 /* drug_info_pa.json */; };
		BFD00000000000000000000C0 /* Localizable.strings in Resources */ = {isa = PBXBuildFile; fileRef = GRP0000000000000000000017 /* Localizable.strings */; };
		BFD00000000000000000000C1 /* Localizable.stringsdict in Resources */ = {isa = PBXBuildFile; fileRef = GRP0000000000000000000018 /* Localizable.stringsdict */; };
		BFD00000000000000000000D0 /* DSColorsContrastTests.swift in Sources */ = {isa = PBXBuildFile; fileRef = FRD00000000000000000000D0 /* DSColorsContrastTests.swift */; };
		BFD00000000000000000000E0 /* PinHasher.swift in Sources */ = {isa = PBXBuildFile; fileRef = FRD00000000000000000000E0 /* PinHasher.swift */; };
		BFD00000000000000000000E1 /* PersonRepository.swift in Sources */ = {isa = PBXBuildFile; fileRef = FRD00000000000000000000E1 /* PersonRepository.swift */; };
		BFD00000000000000000000E2 /* CareCircleRepository.swift in Sources */ = {isa = PBXBuildFile; fileRef = FRD00000000000000000000E2 /* CareCircleRepository.swift */; };
		BFD00000000000000000000E3 /* CareCircleMigration.swift in Sources */ = {isa = PBXBuildFile; fileRef = FRD00000000000000000000E3 /* CareCircleMigration.swift */; };
		BFD00000000000000000000E4 /* PersonRepositoryTests.swift in Sources */ = {isa = PBXBuildFile; fileRef = FRD00000000000000000000E4 /* PersonRepositoryTests.swift */; };
		BFD00000000000000000000E5 /* CareCircleRepositoryTests.swift in Sources */ = {isa = PBXBuildFile; fileRef = FRD00000000000000000000E5 /* CareCircleRepositoryTests.swift */; };
		BFD00000000000000000000E6 /* CareCircleMigrationTests.swift in Sources */ = {isa = PBXBuildFile; fileRef = FRD00000000000000000000E6 /* CareCircleMigrationTests.swift */; };
		BFD00000000000000000000F0 /* SupervisorDashboardView.swift in Sources */ = {isa = PBXBuildFile; fileRef = FRD00000000000000000000F0 /* SupervisorDashboardView.swift */; };
		BFD00000000000000000000F1 /* SupervisorDashboardViewModel.swift in Sources */ = {isa = PBXBuildFile; fileRef = FRD00000000000000000000F1 /* SupervisorDashboardViewModel.swift */; };
		BFD00000000000000000000F2 /* PersonSelector.swift in Sources */ = {isa = PBXBuildFile; fileRef = FRD00000000000000000000F2 /* PersonSelector.swift */; };
		BFD00000000000000000000F3 /* SupervisorScheduleSection.swift in Sources */ = {isa = PBXBuildFile; fileRef = FRD00000000000000000000F3 /* SupervisorScheduleSection.swift */; };
		BFD00000000000000000000F4 /* AdherenceSummaryCard.swift in Sources */ = {isa = PBXBuildFile; fileRef = FRD00000000000000000000F4 /* AdherenceSummaryCard.swift */; };
		BFD00000000000000000000F5 /* AlertsCard.swift in Sources */ = {isa = PBXBuildFile; fileRef = FRD00000000000000000000F5 /* AlertsCard.swift */; };
		BFD00000000000000000000F6 /* QuickActionsCard.swift in Sources */ = {isa = PBXBuildFile; fileRef = FRD00000000000000000000F6 /* QuickActionsCard.swift */; };
		BFD00000000000000000000F7 /* PeopleManagementView.swift in Sources */ = {isa = PBXBuildFile; fileRef = FRD00000000000000000000F7 /* PeopleManagementView.swift */; };
		BFD00000000000000000000F8 /* PersonDetailView.swift in Sources */ = {isa = PBXBuildFile; fileRef = FRD00000000000000000000F8 /* PersonDetailView.swift */; };
		BFD00000000000000000000F9 /* AddPersonFlow.swift in Sources */ = {isa = PBXBuildFile; fileRef = FRD00000000000000000000F9 /* AddPersonFlow.swift */; };
		BFD0000000000000000000100 /* CircleSetupView.swift in Sources */ = {isa = PBXBuildFile; fileRef = FRD0000000000000000000100 /* CircleSetupView.swift */; };
		BFD0000000000000000000101 /* CreateCircleView.swift in Sources */ = {isa = PBXBuildFile; fileRef = FRD0000000000000000000101 /* CreateCircleView.swift */; };
		BFD0000000000000000000102 /* JoinCircleView.swift in Sources */ = {isa = PBXBuildFile; fileRef = FRD0000000000000000000102 /* JoinCircleView.swift */; };
		BFD0000000000000000000103 /* LeaveAndJoinFlow.swift in Sources */ = {isa = PBXBuildFile; fileRef = FRD0000000000000000000103 /* LeaveAndJoinFlow.swift */; };
		BFD0000000000000000000110 /* FirestoreModels.swift in Sources */ = {isa = PBXBuildFile; fileRef = FRD0000000000000000000110 /* FirestoreModels.swift */; };
		BFD0000000000000000000111 /* FirestoreService.swift in Sources */ = {isa = PBXBuildFile; fileRef = FRD0000000000000000000111 /* FirestoreService.swift */; };
		BFD0000000000000000000112 /* SyncCoordinator.swift in Sources */ = {isa = PBXBuildFile; fileRef = FRD0000000000000000000112 /* SyncCoordinator.swift */; };
		BFD0000000000000000000113 /* FirestoreUploadMigration.swift in Sources */ = {isa = PBXBuildFile; fileRef = FRD0000000000000000000113 /* FirestoreUploadMigration.swift */; };
		BFD0000000000000000000114 /* FirestoreServiceTests.swift in Sources */ = {isa = PBXBuildFile; fileRef = FRD0000000000000000000114 /* FirestoreServiceTests.swift */; };
		BFD0000000000000000000115 /* Roles.swift in Sources */ = {isa = PBXBuildFile; fileRef = FRD0000000000000000000115 /* Roles.swift */; };
		BFD0000000000000000000116 /* PrimaryRoleMigration.swift in Sources */ = {isa = PBXBuildFile; fileRef = FRD0000000000000000000116 /* PrimaryRoleMigration.swift */; };
		BFD0000000000000000000117 /* PrimaryRoleMigrationTests.swift in Sources */ = {isa = PBXBuildFile; fileRef = FRD0000000000000000000117 /* PrimaryRoleMigrationTests.swift */; };
		BFD0000000000000000000118 /* RemotePersonResolver.swift in Sources */ = {isa = PBXBuildFile; fileRef = FRD0000000000000000000118 /* RemotePersonResolver.swift */; };
		BFD0000000000000000000119 /* RemotePersonResolverTests.swift in Sources */ = {isa = PBXBuildFile; fileRef = FRD0000000000000000000119 /* RemotePersonResolverTests.swift */; };
		BFD000000000000000000011A /* OrphanCircleCleanupMigration.swift in Sources */ = {isa = PBXBuildFile; fileRef = FRD000000000000000000011A /* OrphanCircleCleanupMigration.swift */; };
		BFD000000000000000000011B /* OrphanCircleCleanupMigrationTests.swift in Sources */ = {isa = PBXBuildFile; fileRef = FRD000000000000000000011B /* OrphanCircleCleanupMigrationTests.swift */; };
		BFD000000000000000000011C /* AddMedicationFlowTests.swift in Sources */ = {isa = PBXBuildFile; fileRef = FRD000000000000000000011C /* AddMedicationFlowTests.swift */; };
		BFD000000000000000000011D /* PullToRefresh.swift in Sources */ = {isa = PBXBuildFile; fileRef = FRD000000000000000000011D /* PullToRefresh.swift */; };
		BFD000000000000000000011E /* PullToRefreshTests.swift in Sources */ = {isa = PBXBuildFile; fileRef = FRD000000000000000000011E /* PullToRefreshTests.swift */; };
		BFD000000000000000000011F /* AddPersonFlowLocalizationTests.swift in Sources */ = {isa = PBXBuildFile; fileRef = FRD000000000000000000011F /* AddPersonFlowLocalizationTests.swift */; };
		BFD0000000000000000000120 /* SupervisorDashboardViewModelTests.swift in Sources */ = {isa = PBXBuildFile; fileRef = FRD0000000000000000000120 /* SupervisorDashboardViewModelTests.swift */; };
		BFD0000000000000000000121 /* AlertsRepository.swift in Sources */ = {isa = PBXBuildFile; fileRef = FRD0000000000000000000121 /* AlertsRepository.swift */; };
		BFD0000000000000000000122 /* MissedDoseDetector.swift in Sources */ = {isa = PBXBuildFile; fileRef = FRD0000000000000000000122 /* MissedDoseDetector.swift */; };
		BFD0000000000000000000123 /* WeeklySummaryGenerator.swift in Sources */ = {isa = PBXBuildFile; fileRef = FRD0000000000000000000123 /* WeeklySummaryGenerator.swift */; };
		BFD0000000000000000000124 /* AlertsRepositoryTests.swift in Sources */ = {isa = PBXBuildFile; fileRef = FRD0000000000000000000124 /* AlertsRepositoryTests.swift */; };
		BFD0000000000000000000125 /* MissedDoseDetectorTests.swift in Sources */ = {isa = PBXBuildFile; fileRef = FRD0000000000000000000125 /* MissedDoseDetectorTests.swift */; };
		BFD0000000000000000000126 /* WeeklySummaryGeneratorTests.swift in Sources */ = {isa = PBXBuildFile; fileRef = FRD0000000000000000000126 /* WeeklySummaryGeneratorTests.swift */; };
		BFD0000000000000000000127 /* AlertsCardSmokeTests.swift in Sources */ = {isa = PBXBuildFile; fileRef = FRD0000000000000000000127 /* AlertsCardSmokeTests.swift */; };
		BFD0000000000000000000128 /* MedicalIDRepository.swift in Sources */ = {isa = PBXBuildFile; fileRef = FRD0000000000000000000128 /* MedicalIDRepository.swift */; };
		BFD0000000000000000000129 /* MedicalIDRepositoryTests.swift in Sources */ = {isa = PBXBuildFile; fileRef = FRD0000000000000000000129 /* MedicalIDRepositoryTests.swift */; };
/* End PBXBuildFile section */

/* Begin PBXContainerItemProxy section */
		CIP0000000000000000000001 /* PBXContainerItemProxy */ = {
			isa = PBXContainerItemProxy;
			containerPortal = PRJ0000000000000000000001 /* Project object */;
			proxyType = 1;
			remoteGlobalIDString = TRG0000000000000000000001;
			remoteInfo = Dosely;
		};
/* End PBXContainerItemProxy section */

/* Begin PBXFileReference section */
		13D32A5D2F9B2444005253C1 /* GoogleService-Info.plist */ = {isa = PBXFileReference; lastKnownFileType = text.plist.xml; path = "GoogleService-Info.plist"; sourceTree = "<group>"; };
		FRD0000000000000000000001 /* DoselyApp.swift */ = {isa = PBXFileReference; lastKnownFileType = sourcecode.swift; path = DoselyApp.swift; sourceTree = "<group>"; };
		FRD0000000000000000000002 /* ContentView.swift */ = {isa = PBXFileReference; lastKnownFileType = sourcecode.swift; path = ContentView.swift; sourceTree = "<group>"; };
		FRD0000000000000000000003 /* Persistence.swift */ = {isa = PBXFileReference; lastKnownFileType = sourcecode.swift; path = Persistence.swift; sourceTree = "<group>"; };
		FRD0000000000000000000005 /* Assets.xcassets */ = {isa = PBXFileReference; lastKnownFileType = folder.assetcatalog; path = Assets.xcassets; sourceTree = "<group>"; };
		FRD0000000000000000000006 /* Preview Assets.xcassets */ = {isa = PBXFileReference; lastKnownFileType = folder.assetcatalog; path = "Preview Assets.xcassets"; sourceTree = "<group>"; };
		FRD0000000000000000000007 /* Dosely.app */ = {isa = PBXFileReference; explicitFileType = wrapper.application; includeInIndex = 0; path = Dosely.app; sourceTree = BUILT_PRODUCTS_DIR; };
		FRD0000000000000000000008 /* Dosely.xcdatamodel */ = {isa = PBXFileReference; lastKnownFileType = wrapper.xcdatamodel; path = Dosely.xcdatamodel; sourceTree = "<group>"; };
		FRD0000000000000000000010 /* DSColors.swift */ = {isa = PBXFileReference; lastKnownFileType = sourcecode.swift; path = DSColors.swift; sourceTree = "<group>"; };
		FRD0000000000000000000011 /* DSTypography.swift */ = {isa = PBXFileReference; lastKnownFileType = sourcecode.swift; path = DSTypography.swift; sourceTree = "<group>"; };
		FRD0000000000000000000012 /* DSSpacing.swift */ = {isa = PBXFileReference; lastKnownFileType = sourcecode.swift; path = DSSpacing.swift; sourceTree = "<group>"; };
		FRD0000000000000000000013 /* DesignSystemPreview.swift */ = {isa = PBXFileReference; lastKnownFileType = sourcecode.swift; path = DesignSystemPreview.swift; sourceTree = "<group>"; };
		FRD0000000000000000000014 /* CoreDataStack.swift */ = {isa = PBXFileReference; lastKnownFileType = sourcecode.swift; path = CoreDataStack.swift; sourceTree = "<group>"; };
		FRD0000000000000000000015 /* MedicationRepository.swift */ = {isa = PBXFileReference; lastKnownFileType = sourcecode.swift; path = MedicationRepository.swift; sourceTree = "<group>"; };
		FRD0000000000000000000020 /* DoselyTests.xctest */ = {isa = PBXFileReference; explicitFileType = wrapper.cfbundle; includeInIndex = 0; path = DoselyTests.xctest; sourceTree = BUILT_PRODUCTS_DIR; };
		FRD0000000000000000000021 /* MedicationRepositoryTests.swift */ = {isa = PBXFileReference; lastKnownFileType = sourcecode.swift; path = MedicationRepositoryTests.swift; sourceTree = "<group>"; };
		FRD0000000000000000000030 /* TodayView.swift */ = {isa = PBXFileReference; lastKnownFileType = sourcecode.swift; path = TodayView.swift; sourceTree = "<group>"; };
		FRD0000000000000000000031 /* TodayViewModel.swift */ = {isa = PBXFileReference; lastKnownFileType = sourcecode.swift; path = TodayViewModel.swift; sourceTree = "<group>"; };
		FRD0000000000000000000032 /* SeedData.swift */ = {isa = PBXFileReference; lastKnownFileType = sourcecode.swift; path = SeedData.swift; sourceTree = "<group>"; };
		FRD0000000000000000000033 /* DoseCardView.swift */ = {isa = PBXFileReference; lastKnownFileType = sourcecode.swift; path = DoseCardView.swift; sourceTree = "<group>"; };
		FRD0000000000000000000034 /* EmptyTodayView.swift */ = {isa = PBXFileReference; lastKnownFileType = sourcecode.swift; path = EmptyTodayView.swift; sourceTree = "<group>"; };
		FRD0000000000000000000040 /* AddMedicationFlow.swift */ = {isa = PBXFileReference; lastKnownFileType = sourcecode.swift; path = AddMedicationFlow.swift; sourceTree = "<group>"; };
		FRD0000000000000000000041 /* ReminderScheduler.swift */ = {isa = PBXFileReference; lastKnownFileType = sourcecode.swift; path = ReminderScheduler.swift; sourceTree = "<group>"; };
		FRD0000000000000000000042 /* StepShell.swift */ = {isa = PBXFileReference; lastKnownFileType = sourcecode.swift; path = StepShell.swift; sourceTree = "<group>"; };
		FRD0000000000000000000043 /* Step1NameView.swift */ = {isa = PBXFileReference; lastKnownFileType = sourcecode.swift; path = Step1NameView.swift; sourceTree = "<group>"; };
		FRD0000000000000000000044 /* Step2DoseView.swift */ = {isa = PBXFileReference; lastKnownFileType = sourcecode.swift; path = Step2DoseView.swift; sourceTree = "<group>"; };
		FRD0000000000000000000045 /* Step3FrequencyView.swift */ = {isa = PBXFileReference; lastKnownFileType = sourcecode.swift; path = Step3FrequencyView.swift; sourceTree = "<group>"; };
		FRD0000000000000000000046 /* Step4TimesView.swift */ = {isa = PBXFileReference; lastKnownFileType = sourcecode.swift; path = Step4TimesView.swift; sourceTree = "<group>"; };
		FRD0000000000000000000047 /* Step5FoodRuleView.swift */ = {isa = PBXFileReference; lastKnownFileType = sourcecode.swift; path = Step5FoodRuleView.swift; sourceTree = "<group>"; };
		FRD0000000000000000000048 /* Step6SupplyView.swift */ = {isa = PBXFileReference; lastKnownFileType = sourcecode.swift; path = Step6SupplyView.swift; sourceTree = "<group>"; };
		FRD0000000000000000000049 /* Step7NotesView.swift */ = {isa = PBXFileReference; lastKnownFileType = sourcecode.swift; path = Step7NotesView.swift; sourceTree = "<group>"; };
		FRD000000000000000000004A /* Step8ReviewView.swift */ = {isa = PBXFileReference; lastKnownFileType = sourcecode.swift; path = Step8ReviewView.swift; sourceTree = "<group>"; };
		FRD0000000000000000000050 /* NotificationsAppDelegate.swift */ = {isa = PBXFileReference; lastKnownFileType = sourcecode.swift; path = NotificationsAppDelegate.swift; sourceTree = "<group>"; };
		FRD0000000000000000000051 /* MissedDoseChecker.swift */ = {isa = PBXFileReference; lastKnownFileType = sourcecode.swift; path = MissedDoseChecker.swift; sourceTree = "<group>"; };
		FRD0000000000000000000052 /* PermissionBanner.swift */ = {isa = PBXFileReference; lastKnownFileType = sourcecode.swift; path = PermissionBanner.swift; sourceTree = "<group>"; };
		FRD0000000000000000000053 /* DebugToolbar.swift */ = {isa = PBXFileReference; lastKnownFileType = sourcecode.swift; path = DebugToolbar.swift; sourceTree = "<group>"; };
		FRD0000000000000000000060 /* HistoryView.swift */ = {isa = PBXFileReference; lastKnownFileType = sourcecode.swift; path = HistoryView.swift; sourceTree = "<group>"; };
		FRD0000000000000000000061 /* HistoryViewModel.swift */ = {isa = PBXFileReference; lastKnownFileType = sourcecode.swift; path = HistoryViewModel.swift; sourceTree = "<group>"; };
		FRD0000000000000000000062 /* WeekPicker.swift */ = {isa = PBXFileReference; lastKnownFileType = sourcecode.swift; path = WeekPicker.swift; sourceTree = "<group>"; };
		FRD0000000000000000000063 /* WeekGridView.swift */ = {isa = PBXFileReference; lastKnownFileType = sourcecode.swift; path = WeekGridView.swift; sourceTree = "<group>"; };
		FRD0000000000000000000064 /* DoseCell.swift */ = {isa = PBXFileReference; lastKnownFileType = sourcecode.swift; path = DoseCell.swift; sourceTree = "<group>"; };
		FRD0000000000000000000065 /* WeekCellDetailView.swift */ = {isa = PBXFileReference; lastKnownFileType = sourcecode.swift; path = WeekCellDetailView.swift; sourceTree = "<group>"; };
		FRD0000000000000000000070 /* Keychain.swift */ = {isa = PBXFileReference; lastKnownFileType = sourcecode.swift; path = Keychain.swift; sourceTree = "<group>"; };
		FRD0000000000000000000071 /* AuthService.swift */ = {isa = PBXFileReference; lastKnownFileType = sourcecode.swift; path = AuthService.swift; sourceTree = "<group>"; };
		FRD0000000000000000000072 /* AuthGate.swift */ = {isa = PBXFileReference; lastKnownFileType = sourcecode.swift; path = AuthGate.swift; sourceTree = "<group>"; };
		FRD0000000000000000000073 /* LoginView.swift */ = {isa = PBXFileReference; lastKnownFileType = sourcecode.swift; path = LoginView.swift; sourceTree = "<group>"; };
		FRD0000000000000000000074 /* SignUpView.swift */ = {isa = PBXFileReference; lastKnownFileType = sourcecode.swift; path = SignUpView.swift; sourceTree = "<group>"; };
		FRD0000000000000000000075 /* PasswordResetView.swift */ = {isa = PBXFileReference; lastKnownFileType = sourcecode.swift; path = PasswordResetView.swift; sourceTree = "<group>"; };
		FRD0000000000000000000076 /* MedicalDisclaimerView.swift */ = {isa = PBXFileReference; lastKnownFileType = sourcecode.swift; path = MedicalDisclaimerView.swift; sourceTree = "<group>"; };
		FRD0000000000000000000077 /* SettingsSheet.swift */ = {isa = PBXFileReference; lastKnownFileType = sourcecode.swift; path = SettingsSheet.swift; sourceTree = "<group>"; };
		FRD0000000000000000000080 /* DrugInfoRepository.swift */ = {isa = PBXFileReference; lastKnownFileType = sourcecode.swift; path = DrugInfoRepository.swift; sourceTree = "<group>"; };
		FRD0000000000000000000081 /* MedicationDetailView.swift */ = {isa = PBXFileReference; lastKnownFileType = sourcecode.swift; path = MedicationDetailView.swift; sourceTree = "<group>"; };
		FRD0000000000000000000082 /* drug_info.json */ = {isa = PBXFileReference; lastKnownFileType = text.json; path = drug_info.json; sourceTree = "<group>"; };
		FRD0000000000000000000083 /* DrugInfoRepositoryTests.swift */ = {isa = PBXFileReference; lastKnownFileType = sourcecode.swift; path = DrugInfoRepositoryTests.swift; sourceTree = "<group>"; };
		FRD0000000000000000000090 /* OpenFDADrugService.swift */ = {isa = PBXFileReference; lastKnownFileType = sourcecode.swift; path = OpenFDADrugService.swift; sourceTree = "<group>"; };
		FRD0000000000000000000091 /* DrugInfoCache.swift */ = {isa = PBXFileReference; lastKnownFileType = sourcecode.swift; path = DrugInfoCache.swift; sourceTree = "<group>"; };
		FRD0000000000000000000092 /* DrugInfoCacheTests.swift */ = {isa = PBXFileReference; lastKnownFileType = sourcecode.swift; path = DrugInfoCacheTests.swift; sourceTree = "<group>"; };
		FRD0000000000000000000093 /* OpenFDAContentParser.swift */ = {isa = PBXFileReference; lastKnownFileType = sourcecode.swift; path = OpenFDAContentParser.swift; sourceTree = "<group>"; };
		FRD0000000000000000000094 /* OpenFDAContentParserTests.swift */ = {isa = PBXFileReference; lastKnownFileType = sourcecode.swift; path = OpenFDAContentParserTests.swift; sourceTree = "<group>"; };
		FRD00000000000000000000A0 /* OCRService.swift */ = {isa = PBXFileReference; lastKnownFileType = sourcecode.swift; path = OCRService.swift; sourceTree = "<group>"; };
		FRD00000000000000000000A1 /* PrescriptionParser.swift */ = {isa = PBXFileReference; lastKnownFileType = sourcecode.swift; path = PrescriptionParser.swift; sourceTree = "<group>"; };
		FRD00000000000000000000A2 /* CameraScanView.swift */ = {isa = PBXFileReference; lastKnownFileType = sourcecode.swift; path = CameraScanView.swift; sourceTree = "<group>"; };
		FRD00000000000000000000A3 /* ScanReviewView.swift */ = {isa = PBXFileReference; lastKnownFileType = sourcecode.swift; path = ScanReviewView.swift; sourceTree = "<group>"; };
		FRD00000000000000000000A4 /* ScanCoordinator.swift */ = {isa = PBXFileReference; lastKnownFileType = sourcecode.swift; path = ScanCoordinator.swift; sourceTree = "<group>"; };
		FRD00000000000000000000A5 /* PrescriptionParserTests.swift */ = {isa = PBXFileReference; lastKnownFileType = sourcecode.swift; path = PrescriptionParserTests.swift; sourceTree = "<group>"; };
		FRD00000000000000000000B0 /* LocalizationBundle.swift */ = {isa = PBXFileReference; lastKnownFileType = sourcecode.swift; path = LocalizationBundle.swift; sourceTree = "<group>"; };
		FRD00000000000000000000B1 /* LocalizedFormatters.swift */ = {isa = PBXFileReference; lastKnownFileType = sourcecode.swift; path = LocalizedFormatters.swift; sourceTree = "<group>"; };
		FRD00000000000000000000B2 /* LanguagePickerView.swift */ = {isa = PBXFileReference; lastKnownFileType = sourcecode.swift; path = LanguagePickerView.swift; sourceTree = "<group>"; };
		FRD00000000000000000000B3 /* VoiceReadoutHelper.swift */ = {isa = PBXFileReference; lastKnownFileType = sourcecode.swift; path = VoiceReadoutHelper.swift; sourceTree = "<group>"; };
		FRD00000000000000000000B4 /* drug_info_pa.json */ = {isa = PBXFileReference; lastKnownFileType = text.json; path = drug_info_pa.json; sourceTree = "<group>"; };
		FRD00000000000000000000C0 /* en */ = {isa = PBXFileReference; lastKnownFileType = text.plist.strings; name = en; path = en.lproj/Localizable.strings; sourceTree = "<group>"; };
		FRD00000000000000000000C1 /* pa */ = {isa = PBXFileReference; lastKnownFileType = text.plist.strings; name = pa; path = pa.lproj/Localizable.strings; sourceTree = "<group>"; };
		FRD00000000000000000000C2 /* en */ = {isa = PBXFileReference; lastKnownFileType = text.plist.stringsdict; name = en; path = en.lproj/Localizable.stringsdict; sourceTree = "<group>"; };
		FRD00000000000000000000C3 /* pa */ = {isa = PBXFileReference; lastKnownFileType = text.plist.stringsdict; name = pa; path = pa.lproj/Localizable.stringsdict; sourceTree = "<group>"; };
		FRD00000000000000000000D0 /* DSColorsContrastTests.swift */ = {isa = PBXFileReference; lastKnownFileType = sourcecode.swift; path = DSColorsContrastTests.swift; sourceTree = "<group>"; };
		FRD00000000000000000000E0 /* PinHasher.swift */ = {isa = PBXFileReference; lastKnownFileType = sourcecode.swift; path = PinHasher.swift; sourceTree = "<group>"; };
		FRD00000000000000000000E1 /* PersonRepository.swift */ = {isa = PBXFileReference; lastKnownFileType = sourcecode.swift; path = PersonRepository.swift; sourceTree = "<group>"; };
		FRD00000000000000000000E2 /* CareCircleRepository.swift */ = {isa = PBXFileReference; lastKnownFileType = sourcecode.swift; path = CareCircleRepository.swift; sourceTree = "<group>"; };
		FRD00000000000000000000E3 /* CareCircleMigration.swift */ = {isa = PBXFileReference; lastKnownFileType = sourcecode.swift; path = CareCircleMigration.swift; sourceTree = "<group>"; };
		FRD00000000000000000000E4 /* PersonRepositoryTests.swift */ = {isa = PBXFileReference; lastKnownFileType = sourcecode.swift; path = PersonRepositoryTests.swift; sourceTree = "<group>"; };
		FRD00000000000000000000E5 /* CareCircleRepositoryTests.swift */ = {isa = PBXFileReference; lastKnownFileType = sourcecode.swift; path = CareCircleRepositoryTests.swift; sourceTree = "<group>"; };
		FRD00000000000000000000E6 /* CareCircleMigrationTests.swift */ = {isa = PBXFileReference; lastKnownFileType = sourcecode.swift; path = CareCircleMigrationTests.swift; sourceTree = "<group>"; };
		FRD00000000000000000000F0 /* SupervisorDashboardView.swift */ = {isa = PBXFileReference; lastKnownFileType = sourcecode.swift; path = SupervisorDashboardView.swift; sourceTree = "<group>"; };
		FRD00000000000000000000F1 /* SupervisorDashboardViewModel.swift */ = {isa = PBXFileReference; lastKnownFileType = sourcecode.swift; path = SupervisorDashboardViewModel.swift; sourceTree = "<group>"; };
		FRD00000000000000000000F2 /* PersonSelector.swift */ = {isa = PBXFileReference; lastKnownFileType = sourcecode.swift; path = PersonSelector.swift; sourceTree = "<group>"; };
		FRD00000000000000000000F3 /* SupervisorScheduleSection.swift */ = {isa = PBXFileReference; lastKnownFileType = sourcecode.swift; path = SupervisorScheduleSection.swift; sourceTree = "<group>"; };
		FRD00000000000000000000F4 /* AdherenceSummaryCard.swift */ = {isa = PBXFileReference; lastKnownFileType = sourcecode.swift; path = AdherenceSummaryCard.swift; sourceTree = "<group>"; };
		FRD00000000000000000000F5 /* AlertsCard.swift */ = {isa = PBXFileReference; lastKnownFileType = sourcecode.swift; path = AlertsCard.swift; sourceTree = "<group>"; };
		FRD00000000000000000000F6 /* QuickActionsCard.swift */ = {isa = PBXFileReference; lastKnownFileType = sourcecode.swift; path = QuickActionsCard.swift; sourceTree = "<group>"; };
		FRD00000000000000000000F7 /* PeopleManagementView.swift */ = {isa = PBXFileReference; lastKnownFileType = sourcecode.swift; path = PeopleManagementView.swift; sourceTree = "<group>"; };
		FRD00000000000000000000F8 /* PersonDetailView.swift */ = {isa = PBXFileReference; lastKnownFileType = sourcecode.swift; path = PersonDetailView.swift; sourceTree = "<group>"; };
		FRD00000000000000000000F9 /* AddPersonFlow.swift */ = {isa = PBXFileReference; lastKnownFileType = sourcecode.swift; path = AddPersonFlow.swift; sourceTree = "<group>"; };
		FRD0000000000000000000100 /* CircleSetupView.swift */ = {isa = PBXFileReference; lastKnownFileType = sourcecode.swift; path = CircleSetupView.swift; sourceTree = "<group>"; };
		FRD0000000000000000000101 /* CreateCircleView.swift */ = {isa = PBXFileReference; lastKnownFileType = sourcecode.swift; path = CreateCircleView.swift; sourceTree = "<group>"; };
		FRD0000000000000000000102 /* JoinCircleView.swift */ = {isa = PBXFileReference; lastKnownFileType = sourcecode.swift; path = JoinCircleView.swift; sourceTree = "<group>"; };
		FRD0000000000000000000103 /* LeaveAndJoinFlow.swift */ = {isa = PBXFileReference; lastKnownFileType = sourcecode.swift; path = LeaveAndJoinFlow.swift; sourceTree = "<group>"; };
		FRD0000000000000000000110 /* FirestoreModels.swift */ = {isa = PBXFileReference; lastKnownFileType = sourcecode.swift; path = FirestoreModels.swift; sourceTree = "<group>"; };
		FRD0000000000000000000111 /* FirestoreService.swift */ = {isa = PBXFileReference; lastKnownFileType = sourcecode.swift; path = FirestoreService.swift; sourceTree = "<group>"; };
		FRD0000000000000000000112 /* SyncCoordinator.swift */ = {isa = PBXFileReference; lastKnownFileType = sourcecode.swift; path = SyncCoordinator.swift; sourceTree = "<group>"; };
		FRD0000000000000000000113 /* FirestoreUploadMigration.swift */ = {isa = PBXFileReference; lastKnownFileType = sourcecode.swift; path = FirestoreUploadMigration.swift; sourceTree = "<group>"; };
		FRD0000000000000000000114 /* FirestoreServiceTests.swift */ = {isa = PBXFileReference; lastKnownFileType = sourcecode.swift; path = FirestoreServiceTests.swift; sourceTree = "<group>"; };
		FRD0000000000000000000115 /* Roles.swift */ = {isa = PBXFileReference; lastKnownFileType = sourcecode.swift; path = Roles.swift; sourceTree = "<group>"; };
		FRD0000000000000000000116 /* PrimaryRoleMigration.swift */ = {isa = PBXFileReference; lastKnownFileType = sourcecode.swift; path = PrimaryRoleMigration.swift; sourceTree = "<group>"; };
		FRD0000000000000000000117 /* PrimaryRoleMigrationTests.swift */ = {isa = PBXFileReference; lastKnownFileType = sourcecode.swift; path = PrimaryRoleMigrationTests.swift; sourceTree = "<group>"; };
		FRD0000000000000000000118 /* RemotePersonResolver.swift */ = {isa = PBXFileReference; lastKnownFileType = sourcecode.swift; path = RemotePersonResolver.swift; sourceTree = "<group>"; };
		FRD0000000000000000000119 /* RemotePersonResolverTests.swift */ = {isa = PBXFileReference; lastKnownFileType = sourcecode.swift; path = RemotePersonResolverTests.swift; sourceTree = "<group>"; };
		FRD000000000000000000011A /* OrphanCircleCleanupMigration.swift */ = {isa = PBXFileReference; lastKnownFileType = sourcecode.swift; path = OrphanCircleCleanupMigration.swift; sourceTree = "<group>"; };
		FRD000000000000000000011B /* OrphanCircleCleanupMigrationTests.swift */ = {isa = PBXFileReference; lastKnownFileType = sourcecode.swift; path = OrphanCircleCleanupMigrationTests.swift; sourceTree = "<group>"; };
		FRD000000000000000000011C /* AddMedicationFlowTests.swift */ = {isa = PBXFileReference; lastKnownFileType = sourcecode.swift; path = AddMedicationFlowTests.swift; sourceTree = "<group>"; };
		FRD000000000000000000011D /* PullToRefresh.swift */ = {isa = PBXFileReference; lastKnownFileType = sourcecode.swift; name = PullToRefresh.swift; path = Common/PullToRefresh.swift; sourceTree = "<group>"; };
		FRD000000000000000000011E /* PullToRefreshTests.swift */ = {isa = PBXFileReference; lastKnownFileType = sourcecode.swift; path = PullToRefreshTests.swift; sourceTree = "<group>"; };
		FRD000000000000000000011F /* AddPersonFlowLocalizationTests.swift */ = {isa = PBXFileReference; lastKnownFileType = sourcecode.swift; path = AddPersonFlowLocalizationTests.swift; sourceTree = "<group>"; };
		FRD0000000000000000000120 /* SupervisorDashboardViewModelTests.swift */ = {isa = PBXFileReference; lastKnownFileType = sourcecode.swift; path = SupervisorDashboardViewModelTests.swift; sourceTree = "<group>"; };
		FRD0000000000000000000121 /* AlertsRepository.swift */ = {isa = PBXFileReference; lastKnownFileType = sourcecode.swift; path = AlertsRepository.swift; sourceTree = "<group>"; };
		FRD0000000000000000000122 /* MissedDoseDetector.swift */ = {isa = PBXFileReference; lastKnownFileType = sourcecode.swift; path = MissedDoseDetector.swift; sourceTree = "<group>"; };
		FRD0000000000000000000123 /* WeeklySummaryGenerator.swift */ = {isa = PBXFileReference; lastKnownFileType = sourcecode.swift; path = WeeklySummaryGenerator.swift; sourceTree = "<group>"; };
		FRD0000000000000000000124 /* AlertsRepositoryTests.swift */ = {isa = PBXFileReference; lastKnownFileType = sourcecode.swift; path = AlertsRepositoryTests.swift; sourceTree = "<group>"; };
		FRD0000000000000000000125 /* MissedDoseDetectorTests.swift */ = {isa = PBXFileReference; lastKnownFileType = sourcecode.swift; path = MissedDoseDetectorTests.swift; sourceTree = "<group>"; };
		FRD0000000000000000000126 /* WeeklySummaryGeneratorTests.swift */ = {isa = PBXFileReference; lastKnownFileType = sourcecode.swift; path = WeeklySummaryGeneratorTests.swift; sourceTree = "<group>"; };
		FRD0000000000000000000127 /* AlertsCardSmokeTests.swift */ = {isa = PBXFileReference; lastKnownFileType = sourcecode.swift; path = AlertsCardSmokeTests.swift; sourceTree = "<group>"; };
		FRD0000000000000000000128 /* MedicalIDRepository.swift */ = {isa = PBXFileReference; lastKnownFileType = sourcecode.swift; path = MedicalIDRepository.swift; sourceTree = "<group>"; };
		FRD0000000000000000000129 /* MedicalIDRepositoryTests.swift */ = {isa = PBXFileReference; lastKnownFileType = sourcecode.swift; path = MedicalIDRepositoryTests.swift; sourceTree = "<group>"; };
/* End PBXFileReference section */

/* Begin PBXFrameworksBuildPhase section */
		FRM0000000000000000000001 /* Frameworks */ = {
			isa = PBXFrameworksBuildPhase;
			buildActionMask = 2147483647;
			files = (
				13D32A5C2F9B2303005253C1 /* FirebaseCore in Frameworks */,
				13D32A5A2F9B2303005253C1 /* FirebaseAuth in Frameworks */,
				13D32A602F9B2303005253C1 /* FirebaseFirestore in Frameworks */,
			);
			runOnlyForDeploymentPostprocessing = 0;
		};
		FRM0000000000000000000002 /* Frameworks */ = {
			isa = PBXFrameworksBuildPhase;
			buildActionMask = 2147483647;
			files = (
			);
			runOnlyForDeploymentPostprocessing = 0;
		};
/* End PBXFrameworksBuildPhase section */

/* Begin PBXGroup section */
		GRP0000000000000000000001 = {
			isa = PBXGroup;
			children = (
				GRP0000000000000000000003 /* Dosely */,
				GRP0000000000000000000007 /* DoselyTests */,
				GRP0000000000000000000002 /* Products */,
			);
			sourceTree = "<group>";
		};
		GRP0000000000000000000002 /* Products */ = {
			isa = PBXGroup;
			children = (
				FRD0000000000000000000007 /* Dosely.app */,
				FRD0000000000000000000020 /* DoselyTests.xctest */,
			);
			name = Products;
			sourceTree = "<group>";
		};
		GRP0000000000000000000003 /* Dosely */ = {
			isa = PBXGroup;
			children = (
				FRD0000000000000000000001 /* DoselyApp.swift */,
				13D32A5D2F9B2444005253C1 /* GoogleService-Info.plist */,
				FRD0000000000000000000002 /* ContentView.swift */,
				FRD0000000000000000000003 /* Persistence.swift */,
				FRD0000000000000000000004 /* Dosely.xcdatamodeld */,
				GRP0000000000000000000005 /* DesignSystem */,
				GRP0000000000000000000006 /* Data */,
				GRP0000000000000000000015 /* Localization */,
				GRP0000000000000000000008 /* Features */,
				GRP0000000000000000000013 /* Resources */,
				FRD0000000000000000000005 /* Assets.xcassets */,
				GRP0000000000000000000004 /* Preview Content */,
			);
			path = Dosely;
			sourceTree = "<group>";
		};
		GRP0000000000000000000004 /* Preview Content */ = {
			isa = PBXGroup;
			children = (
				FRD0000000000000000000006 /* Preview Assets.xcassets */,
			);
			path = "Preview Content";
			sourceTree = "<group>";
		};
		GRP0000000000000000000005 /* DesignSystem */ = {
			isa = PBXGroup;
			children = (
				FRD0000000000000000000010 /* DSColors.swift */,
				FRD0000000000000000000011 /* DSTypography.swift */,
				FRD0000000000000000000012 /* DSSpacing.swift */,
				FRD0000000000000000000013 /* DesignSystemPreview.swift */,
			);
			path = DesignSystem;
			sourceTree = "<group>";
		};
		GRP0000000000000000000006 /* Data */ = {
			isa = PBXGroup;
			children = (
				FRD0000000000000000000014 /* CoreDataStack.swift */,
				FRD0000000000000000000015 /* MedicationRepository.swift */,
				FRD0000000000000000000080 /* DrugInfoRepository.swift */,
				FRD0000000000000000000090 /* OpenFDADrugService.swift */,
				FRD0000000000000000000091 /* DrugInfoCache.swift */,
				FRD0000000000000000000093 /* OpenFDAContentParser.swift */,
				FRD00000000000000000000E0 /* PinHasher.swift */,
				FRD00000000000000000000E1 /* PersonRepository.swift */,
				FRD00000000000000000000E2 /* CareCircleRepository.swift */,
				FRD00000000000000000000E3 /* CareCircleMigration.swift */,
				FRD0000000000000000000110 /* FirestoreModels.swift */,
				FRD0000000000000000000111 /* FirestoreService.swift */,
				FRD0000000000000000000112 /* SyncCoordinator.swift */,
				FRD0000000000000000000113 /* FirestoreUploadMigration.swift */,
				FRD0000000000000000000115 /* Roles.swift */,
				FRD0000000000000000000116 /* PrimaryRoleMigration.swift */,
				FRD0000000000000000000118 /* RemotePersonResolver.swift */,
				FRD000000000000000000011A /* OrphanCircleCleanupMigration.swift */,
				FRD0000000000000000000121 /* AlertsRepository.swift */,
				FRD0000000000000000000122 /* MissedDoseDetector.swift */,
				FRD0000000000000000000123 /* WeeklySummaryGenerator.swift */,
				FRD0000000000000000000128 /* MedicalIDRepository.swift */,
			);
			path = Data;
			sourceTree = "<group>";
		};
		GRP0000000000000000000007 /* DoselyTests */ = {
			isa = PBXGroup;
			children = (
				FRD0000000000000000000021 /* MedicationRepositoryTests.swift */,
				FRD0000000000000000000083 /* DrugInfoRepositoryTests.swift */,
				FRD0000000000000000000092 /* DrugInfoCacheTests.swift */,
				FRD0000000000000000000094 /* OpenFDAContentParserTests.swift */,
				FRD00000000000000000000A5 /* PrescriptionParserTests.swift */,
				FRD00000000000000000000D0 /* DSColorsContrastTests.swift */,
				FRD00000000000000000000E4 /* PersonRepositoryTests.swift */,
				FRD00000000000000000000E5 /* CareCircleRepositoryTests.swift */,
				FRD00000000000000000000E6 /* CareCircleMigrationTests.swift */,
				FRD0000000000000000000114 /* FirestoreServiceTests.swift */,
				FRD0000000000000000000117 /* PrimaryRoleMigrationTests.swift */,
				FRD0000000000000000000119 /* RemotePersonResolverTests.swift */,
				FRD000000000000000000011B /* OrphanCircleCleanupMigrationTests.swift */,
				FRD000000000000000000011C /* AddMedicationFlowTests.swift */,
				FRD000000000000000000011E /* PullToRefreshTests.swift */,
				FRD000000000000000000011F /* AddPersonFlowLocalizationTests.swift */,
				FRD0000000000000000000120 /* SupervisorDashboardViewModelTests.swift */,
				FRD0000000000000000000124 /* AlertsRepositoryTests.swift */,
				FRD0000000000000000000125 /* MissedDoseDetectorTests.swift */,
				FRD0000000000000000000126 /* WeeklySummaryGeneratorTests.swift */,
				FRD0000000000000000000127 /* AlertsCardSmokeTests.swift */,
				FRD0000000000000000000129 /* MedicalIDRepositoryTests.swift */,
			);
			path = DoselyTests;
			sourceTree = "<group>";
		};
		GRP0000000000000000000008 /* Features */ = {
			isa = PBXGroup;
			children = (
				GRP0000000000000000000009 /* Today */,
				GRP000000000000000000000B /* AddMedication */,
				GRP000000000000000000000E /* Notifications */,
				GRP000000000000000000000F /* History */,
				GRP0000000000000000000011 /* Auth */,
				GRP0000000000000000000012 /* MedicationDetail */,
				GRP0000000000000000000020 /* Supervisor */,
				FRD000000000000000000011D /* PullToRefresh.swift */,
			);
			path = Features;
			sourceTree = "<group>";
		};
		GRP0000000000000000000009 /* Today */ = {
			isa = PBXGroup;
			children = (
				FRD0000000000000000000030 /* TodayView.swift */,
				FRD0000000000000000000031 /* TodayViewModel.swift */,
				FRD0000000000000000000032 /* SeedData.swift */,
				GRP000000000000000000000A /* Components */,
			);
			path = Today;
			sourceTree = "<group>";
		};
		GRP000000000000000000000A /* Components */ = {
			isa = PBXGroup;
			children = (
				FRD0000000000000000000033 /* DoseCardView.swift */,
				FRD0000000000000000000034 /* EmptyTodayView.swift */,
			);
			path = Components;
			sourceTree = "<group>";
		};
		GRP000000000000000000000B /* AddMedication */ = {
			isa = PBXGroup;
			children = (
				FRD0000000000000000000040 /* AddMedicationFlow.swift */,
				GRP000000000000000000000C /* Components */,
				GRP000000000000000000000D /* Steps */,
				GRP0000000000000000000014 /* Scan */,
			);
			path = AddMedication;
			sourceTree = "<group>";
		};
		GRP000000000000000000000C /* Components */ = {
			isa = PBXGroup;
			children = (
				FRD0000000000000000000042 /* StepShell.swift */,
			);
			path = Components;
			sourceTree = "<group>";
		};
		GRP000000000000000000000D /* Steps */ = {
			isa = PBXGroup;
			children = (
				FRD0000000000000000000043 /* Step1NameView.swift */,
				FRD0000000000000000000044 /* Step2DoseView.swift */,
				FRD0000000000000000000045 /* Step3FrequencyView.swift */,
				FRD0000000000000000000046 /* Step4TimesView.swift */,
				FRD0000000000000000000047 /* Step5FoodRuleView.swift */,
				FRD0000000000000000000048 /* Step6SupplyView.swift */,
				FRD0000000000000000000049 /* Step7NotesView.swift */,
				FRD000000000000000000004A /* Step8ReviewView.swift */,
			);
			path = Steps;
			sourceTree = "<group>";
		};
		GRP000000000000000000000E /* Notifications */ = {
			isa = PBXGroup;
			children = (
				FRD0000000000000000000041 /* ReminderScheduler.swift */,
				FRD0000000000000000000050 /* NotificationsAppDelegate.swift */,
				FRD0000000000000000000051 /* MissedDoseChecker.swift */,
				FRD0000000000000000000052 /* PermissionBanner.swift */,
				FRD0000000000000000000053 /* DebugToolbar.swift */,
				FRD00000000000000000000B3 /* VoiceReadoutHelper.swift */,
			);
			path = Notifications;
			sourceTree = "<group>";
		};
		GRP000000000000000000000F /* History */ = {
			isa = PBXGroup;
			children = (
				FRD0000000000000000000060 /* HistoryView.swift */,
				FRD0000000000000000000061 /* HistoryViewModel.swift */,
				GRP0000000000000000000010 /* Components */,
			);
			path = History;
			sourceTree = "<group>";
		};
		GRP0000000000000000000010 /* Components */ = {
			isa = PBXGroup;
			children = (
				FRD0000000000000000000062 /* WeekPicker.swift */,
				FRD0000000000000000000063 /* WeekGridView.swift */,
				FRD0000000000000000000064 /* DoseCell.swift */,
				FRD0000000000000000000065 /* WeekCellDetailView.swift */,
			);
			path = Components;
			sourceTree = "<group>";
		};
		GRP0000000000000000000011 /* Auth */ = {
			isa = PBXGroup;
			children = (
				FRD0000000000000000000070 /* Keychain.swift */,
				FRD0000000000000000000071 /* AuthService.swift */,
				FRD0000000000000000000072 /* AuthGate.swift */,
				FRD0000000000000000000073 /* LoginView.swift */,
				FRD0000000000000000000074 /* SignUpView.swift */,
				FRD0000000000000000000075 /* PasswordResetView.swift */,
				FRD0000000000000000000076 /* MedicalDisclaimerView.swift */,
				FRD0000000000000000000077 /* SettingsSheet.swift */,
				FRD00000000000000000000B2 /* LanguagePickerView.swift */,
				FRD0000000000000000000100 /* CircleSetupView.swift */,
				FRD0000000000000000000101 /* CreateCircleView.swift */,
				FRD0000000000000000000102 /* JoinCircleView.swift */,
				FRD0000000000000000000103 /* LeaveAndJoinFlow.swift */,
			);
			path = Auth;
			sourceTree = "<group>";
		};
		GRP0000000000000000000012 /* MedicationDetail */ = {
			isa = PBXGroup;
			children = (
				FRD0000000000000000000081 /* MedicationDetailView.swift */,
			);
			path = MedicationDetail;
			sourceTree = "<group>";
		};
		GRP0000000000000000000013 /* Resources */ = {
			isa = PBXGroup;
			children = (
				FRD0000000000000000000082 /* drug_info.json */,
				FRD00000000000000000000B4 /* drug_info_pa.json */,
				GRP0000000000000000000017 /* Localizable.strings */,
				GRP0000000000000000000018 /* Localizable.stringsdict */,
			);
			path = Resources;
			sourceTree = "<group>";
		};
		GRP0000000000000000000014 /* Scan */ = {
			isa = PBXGroup;
			children = (
				FRD00000000000000000000A0 /* OCRService.swift */,
				FRD00000000000000000000A1 /* PrescriptionParser.swift */,
				FRD00000000000000000000A2 /* CameraScanView.swift */,
				FRD00000000000000000000A3 /* ScanReviewView.swift */,
				FRD00000000000000000000A4 /* ScanCoordinator.swift */,
			);
			path = Scan;
			sourceTree = "<group>";
		};
		GRP0000000000000000000015 /* Localization */ = {
			isa = PBXGroup;
			children = (
				FRD00000000000000000000B0 /* LocalizationBundle.swift */,
				FRD00000000000000000000B1 /* LocalizedFormatters.swift */,
			);
			path = Localization;
			sourceTree = "<group>";
		};
		GRP0000000000000000000020 /* Supervisor */ = {
			isa = PBXGroup;
			children = (
				FRD00000000000000000000F0 /* SupervisorDashboardView.swift */,
				FRD00000000000000000000F1 /* SupervisorDashboardViewModel.swift */,
				GRP0000000000000000000021 /* Components */,
				GRP0000000000000000000022 /* People */,
			);
			path = Supervisor;
			sourceTree = "<group>";
		};
		GRP0000000000000000000021 /* Components */ = {
			isa = PBXGroup;
			children = (
				FRD00000000000000000000F2 /* PersonSelector.swift */,
				FRD00000000000000000000F3 /* SupervisorScheduleSection.swift */,
				FRD00000000000000000000F4 /* AdherenceSummaryCard.swift */,
				FRD00000000000000000000F5 /* AlertsCard.swift */,
				FRD00000000000000000000F6 /* QuickActionsCard.swift */,
			);
			path = Components;
			sourceTree = "<group>";
		};
		GRP0000000000000000000022 /* People */ = {
			isa = PBXGroup;
			children = (
				FRD00000000000000000000F7 /* PeopleManagementView.swift */,
				FRD00000000000000000000F8 /* PersonDetailView.swift */,
				FRD00000000000000000000F9 /* AddPersonFlow.swift */,
			);
			path = People;
			sourceTree = "<group>";
		};
/* End PBXGroup section */

/* Begin PBXNativeTarget section */
		TRG0000000000000000000001 /* Dosely */ = {
			isa = PBXNativeTarget;
			buildConfigurationList = CLT0000000000000000000001 /* Build configuration list for PBXNativeTarget "Dosely" */;
			buildPhases = (
				SRC0000000000000000000001 /* Sources */,
				FRM0000000000000000000001 /* Frameworks */,
				RES0000000000000000000001 /* Resources */,
			);
			buildRules = (
			);
			dependencies = (
			);
			name = Dosely;
			productName = Dosely;
			productReference = FRD0000000000000000000007 /* Dosely.app */;
			productType = "com.apple.product-type.application";
		};
		TRG0000000000000000000002 /* DoselyTests */ = {
			isa = PBXNativeTarget;
			buildConfigurationList = CLT0000000000000000000002 /* Build configuration list for PBXNativeTarget "DoselyTests" */;
			buildPhases = (
				SRC0000000000000000000002 /* Sources */,
				FRM0000000000000000000002 /* Frameworks */,
				RES0000000000000000000002 /* Resources */,
			);
			buildRules = (
			);
			dependencies = (
				DEP0000000000000000000001 /* PBXTargetDependency */,
			);
			name = DoselyTests;
			productName = DoselyTests;
			productReference = FRD0000000000000000000020 /* DoselyTests.xctest */;
			productType = "com.apple.product-type.bundle.unit-test";
		};
/* End PBXNativeTarget section */

/* Begin PBXProject section */
		PRJ0000000000000000000001 /* Project object */ = {
			isa = PBXProject;
			attributes = {
				BuildIndependentTargetsInParallel = 1;
				LastSwiftUpdateCheck = 1540;
				LastUpgradeCheck = 2640;
				TargetAttributes = {
					TRG0000000000000000000001 = {
						CreatedOnToolsVersion = 15.4;
					};
					TRG0000000000000000000002 = {
						CreatedOnToolsVersion = 15.4;
						TestTargetID = TRG0000000000000000000001;
					};
				};
			};
			buildConfigurationList = CLP0000000000000000000001 /* Build configuration list for PBXProject "Dosely" */;
			compatibilityVersion = "Xcode 14.0";
			developmentRegion = en;
			hasScannedForEncodings = 0;
			knownRegions = (
				en,
				Base,
				pa,
			);
			mainGroup = GRP0000000000000000000001;
			packageReferences = (
				13D32A582F9B2303005253C1 /* XCRemoteSwiftPackageReference "firebase-ios-sdk" */,
			);
			productRefGroup = GRP0000000000000000000002 /* Products */;
			projectDirPath = "";
			projectRoot = "";
			targets = (
				TRG0000000000000000000001 /* Dosely */,
				TRG0000000000000000000002 /* DoselyTests */,
			);
		};
/* End PBXProject section */

/* Begin PBXResourcesBuildPhase section */
		RES0000000000000000000001 /* Resources */ = {
			isa = PBXResourcesBuildPhase;
			buildActionMask = 2147483647;
			files = (
				BFD0000000000000000000006 /* Preview Assets.xcassets in Resources */,
				BFD0000000000000000000005 /* Assets.xcassets in Resources */,
				13D32A5E2F9B2444005253C1 /* GoogleService-Info.plist in Resources */,
				BFD0000000000000000000082 /* drug_info.json in Resources */,
				BFD00000000000000000000B4 /* drug_info_pa.json in Resources */,
				BFD00000000000000000000C0 /* Localizable.strings in Resources */,
				BFD00000000000000000000C1 /* Localizable.stringsdict in Resources */,
			);
			runOnlyForDeploymentPostprocessing = 0;
		};
		RES0000000000000000000002 /* Resources */ = {
			isa = PBXResourcesBuildPhase;
			buildActionMask = 2147483647;
			files = (
			);
			runOnlyForDeploymentPostprocessing = 0;
		};
/* End PBXResourcesBuildPhase section */

/* Begin PBXSourcesBuildPhase section */
		SRC0000000000000000000001 /* Sources */ = {
			isa = PBXSourcesBuildPhase;
			buildActionMask = 2147483647;
			files = (
				BFD0000000000000000000002 /* ContentView.swift in Sources */,
				BFD0000000000000000000004 /* Dosely.xcdatamodeld in Sources */,
				BFD0000000000000000000001 /* DoselyApp.swift in Sources */,
				BFD0000000000000000000003 /* Persistence.swift in Sources */,
				BFD0000000000000000000010 /* DSColors.swift in Sources */,
				BFD0000000000000000000011 /* DSTypography.swift in Sources */,
				BFD0000000000000000000012 /* DSSpacing.swift in Sources */,
				BFD0000000000000000000013 /* DesignSystemPreview.swift in Sources */,
				BFD0000000000000000000014 /* CoreDataStack.swift in Sources */,
				BFD0000000000000000000015 /* MedicationRepository.swift in Sources */,
				BFD0000000000000000000030 /* TodayView.swift in Sources */,
				BFD0000000000000000000031 /* TodayViewModel.swift in Sources */,
				BFD0000000000000000000032 /* SeedData.swift in Sources */,
				BFD0000000000000000000033 /* DoseCardView.swift in Sources */,
				BFD0000000000000000000034 /* EmptyTodayView.swift in Sources */,
				BFD0000000000000000000040 /* AddMedicationFlow.swift in Sources */,
				BFD0000000000000000000041 /* ReminderScheduler.swift in Sources */,
				BFD0000000000000000000042 /* StepShell.swift in Sources */,
				BFD0000000000000000000043 /* Step1NameView.swift in Sources */,
				BFD0000000000000000000044 /* Step2DoseView.swift in Sources */,
				BFD0000000000000000000045 /* Step3FrequencyView.swift in Sources */,
				BFD0000000000000000000046 /* Step4TimesView.swift in Sources */,
				BFD0000000000000000000047 /* Step5FoodRuleView.swift in Sources */,
				BFD0000000000000000000048 /* Step6SupplyView.swift in Sources */,
				BFD0000000000000000000049 /* Step7NotesView.swift in Sources */,
				BFD000000000000000000004A /* Step8ReviewView.swift in Sources */,
				BFD0000000000000000000050 /* NotificationsAppDelegate.swift in Sources */,
				BFD0000000000000000000051 /* MissedDoseChecker.swift in Sources */,
				BFD0000000000000000000052 /* PermissionBanner.swift in Sources */,
				BFD0000000000000000000053 /* DebugToolbar.swift in Sources */,
				BFD0000000000000000000060 /* HistoryView.swift in Sources */,
				BFD0000000000000000000061 /* HistoryViewModel.swift in Sources */,
				BFD0000000000000000000062 /* WeekPicker.swift in Sources */,
				BFD0000000000000000000063 /* WeekGridView.swift in Sources */,
				BFD0000000000000000000064 /* DoseCell.swift in Sources */,
				BFD0000000000000000000065 /* WeekCellDetailView.swift in Sources */,
				BFD0000000000000000000070 /* Keychain.swift in Sources */,
				BFD0000000000000000000071 /* AuthService.swift in Sources */,
				BFD0000000000000000000072 /* AuthGate.swift in Sources */,
				BFD0000000000000000000073 /* LoginView.swift in Sources */,
				BFD0000000000000000000074 /* SignUpView.swift in Sources */,
				BFD0000000000000000000075 /* PasswordResetView.swift in Sources */,
				BFD0000000000000000000076 /* MedicalDisclaimerView.swift in Sources */,
				BFD0000000000000000000077 /* SettingsSheet.swift in Sources */,
				BFD0000000000000000000080 /* DrugInfoRepository.swift in Sources */,
				BFD0000000000000000000081 /* MedicationDetailView.swift in Sources */,
				BFD0000000000000000000090 /* OpenFDADrugService.swift in Sources */,
				BFD0000000000000000000091 /* DrugInfoCache.swift in Sources */,
				BFD0000000000000000000093 /* OpenFDAContentParser.swift in Sources */,
				BFD00000000000000000000A0 /* OCRService.swift in Sources */,
				BFD00000000000000000000A1 /* PrescriptionParser.swift in Sources */,
				BFD00000000000000000000A2 /* CameraScanView.swift in Sources */,
				BFD00000000000000000000A3 /* ScanReviewView.swift in Sources */,
				BFD00000000000000000000A4 /* ScanCoordinator.swift in Sources */,
				BFD00000000000000000000B0 /* LocalizationBundle.swift in Sources */,
				BFD00000000000000000000B1 /* LocalizedFormatters.swift in Sources */,
				BFD00000000000000000000B2 /* LanguagePickerView.swift in Sources */,
				BFD00000000000000000000B3 /* VoiceReadoutHelper.swift in Sources */,
				BFD00000000000000000000E0 /* PinHasher.swift in Sources */,
				BFD00000000000000000000E1 /* PersonRepository.swift in Sources */,
				BFD00000000000000000000E2 /* CareCircleRepository.swift in Sources */,
				BFD00000000000000000000E3 /* CareCircleMigration.swift in Sources */,
				BFD00000000000000000000F0 /* SupervisorDashboardView.swift in Sources */,
				BFD00000000000000000000F1 /* SupervisorDashboardViewModel.swift in Sources */,
				BFD00000000000000000000F2 /* PersonSelector.swift in Sources */,
				BFD00000000000000000000F3 /* SupervisorScheduleSection.swift in Sources */,
				BFD00000000000000000000F4 /* AdherenceSummaryCard.swift in Sources */,
				BFD00000000000000000000F5 /* AlertsCard.swift in Sources */,
				BFD00000000000000000000F6 /* QuickActionsCard.swift in Sources */,
				BFD00000000000000000000F7 /* PeopleManagementView.swift in Sources */,
				BFD00000000000000000000F8 /* PersonDetailView.swift in Sources */,
				BFD00000000000000000000F9 /* AddPersonFlow.swift in Sources */,
				BFD0000000000000000000100 /* CircleSetupView.swift in Sources */,
				BFD0000000000000000000101 /* CreateCircleView.swift in Sources */,
				BFD0000000000000000000102 /* JoinCircleView.swift in Sources */,
				BFD0000000000000000000103 /* LeaveAndJoinFlow.swift in Sources */,
				BFD0000000000000000000110 /* FirestoreModels.swift in Sources */,
				BFD0000000000000000000111 /* FirestoreService.swift in Sources */,
				BFD0000000000000000000112 /* SyncCoordinator.swift in Sources */,
				BFD0000000000000000000113 /* FirestoreUploadMigration.swift in Sources */,
				BFD0000000000000000000115 /* Roles.swift in Sources */,
				BFD0000000000000000000116 /* PrimaryRoleMigration.swift in Sources */,
				BFD0000000000000000000118 /* RemotePersonResolver.swift in Sources */,
				BFD000000000000000000011A /* OrphanCircleCleanupMigration.swift in Sources */,
				BFD000000000000000000011D /* PullToRefresh.swift in Sources */,
				BFD0000000000000000000121 /* AlertsRepository.swift in Sources */,
				BFD0000000000000000000122 /* MissedDoseDetector.swift in Sources */,
				BFD0000000000000000000123 /* WeeklySummaryGenerator.swift in Sources */,
				BFD0000000000000000000128 /* MedicalIDRepository.swift in Sources */,
			);
			runOnlyForDeploymentPostprocessing = 0;
		};
		SRC0000000000000000000002 /* Sources */ = {
			isa = PBXSourcesBuildPhase;
			buildActionMask = 2147483647;
			files = (
				BFD0000000000000000000021 /* MedicationRepositoryTests.swift in Sources */,
				BFD0000000000000000000083 /* DrugInfoRepositoryTests.swift in Sources */,
				BFD0000000000000000000092 /* DrugInfoCacheTests.swift in Sources */,
				BFD0000000000000000000094 /* OpenFDAContentParserTests.swift in Sources */,
				BFD00000000000000000000A5 /* PrescriptionParserTests.swift in Sources */,
				BFD00000000000000000000D0 /* DSColorsContrastTests.swift in Sources */,
				BFD00000000000000000000E4 /* PersonRepositoryTests.swift in Sources */,
				BFD00000000000000000000E5 /* CareCircleRepositoryTests.swift in Sources */,
				BFD00000000000000000000E6 /* CareCircleMigrationTests.swift in Sources */,
				BFD0000000000000000000114 /* FirestoreServiceTests.swift in Sources */,
				BFD0000000000000000000117 /* PrimaryRoleMigrationTests.swift in Sources */,
				BFD0000000000000000000119 /* RemotePersonResolverTests.swift in Sources */,
				BFD000000000000000000011B /* OrphanCircleCleanupMigrationTests.swift in Sources */,
				BFD000000000000000000011C /* AddMedicationFlowTests.swift in Sources */,
				BFD000000000000000000011E /* PullToRefreshTests.swift in Sources */,
				BFD000000000000000000011F /* AddPersonFlowLocalizationTests.swift in Sources */,
				BFD0000000000000000000120 /* SupervisorDashboardViewModelTests.swift in Sources */,
				BFD0000000000000000000124 /* AlertsRepositoryTests.swift in Sources */,
				BFD0000000000000000000125 /* MissedDoseDetectorTests.swift in Sources */,
				BFD0000000000000000000126 /* WeeklySummaryGeneratorTests.swift in Sources */,
				BFD0000000000000000000127 /* AlertsCardSmokeTests.swift in Sources */,
				BFD0000000000000000000129 /* MedicalIDRepositoryTests.swift in Sources */,
			);
			runOnlyForDeploymentPostprocessing = 0;
		};
/* End PBXSourcesBuildPhase section */

/* Begin PBXTargetDependency section */
		DEP0000000000000000000001 /* PBXTargetDependency */ = {
			isa = PBXTargetDependency;
			target = TRG0000000000000000000001 /* Dosely */;
			targetProxy = CIP0000000000000000000001 /* PBXContainerItemProxy */;
		};
/* End PBXTargetDependency section */

/* Begin PBXVariantGroup section */
		GRP0000000000000000000017 /* Localizable.strings */ = {
			isa = PBXVariantGroup;
			children = (
				FRD00000000000000000000C0 /* en */,
				FRD00000000000000000000C1 /* pa */,
			);
			name = Localizable.strings;
			sourceTree = "<group>";
		};
		GRP0000000000000000000018 /* Localizable.stringsdict */ = {
			isa = PBXVariantGroup;
			children = (
				FRD00000000000000000000C2 /* en */,
				FRD00000000000000000000C3 /* pa */,
			);
			name = Localizable.stringsdict;
			sourceTree = "<group>";
		};
/* End PBXVariantGroup section */

/* Begin XCBuildConfiguration section */
		BCP0000000000000000000001 /* Debug */ = {
			isa = XCBuildConfiguration;
			buildSettings = {
				ALWAYS_SEARCH_USER_PATHS = NO;
				ASSETCATALOG_COMPILER_GENERATE_SWIFT_ASSET_SYMBOL_EXTENSIONS = YES;
				CLANG_ANALYZER_LOCALIZABILITY_NONLOCALIZED = YES;
				CLANG_ANALYZER_NONNULL = YES;
				CLANG_ANALYZER_NUMBER_OBJECT_CONVERSION = YES_AGGRESSIVE;
				CLANG_CXX_LANGUAGE_STANDARD = "gnu++20";
				CLANG_ENABLE_MODULES = YES;
				CLANG_ENABLE_OBJC_ARC = YES;
				CLANG_ENABLE_OBJC_WEAK = YES;
				CLANG_WARN_BLOCK_CAPTURE_AUTORELEASING = YES;
				CLANG_WARN_BOOL_CONVERSION = YES;
				CLANG_WARN_COMMA = YES;
				CLANG_WARN_CONSTANT_CONVERSION = YES;
				CLANG_WARN_DEPRECATED_OBJC_IMPLEMENTATIONS = YES;
				CLANG_WARN_DIRECT_OBJC_ISA_USAGE = YES_ERROR;
				CLANG_WARN_DOCUMENTATION_COMMENTS = YES;
				CLANG_WARN_EMPTY_BODY = YES;
				CLANG_WARN_ENUM_CONVERSION = YES;
				CLANG_WARN_INFINITE_RECURSION = YES;
				CLANG_WARN_INT_CONVERSION = YES;
				CLANG_WARN_NON_LITERAL_NULL_CONVERSION = YES;
				CLANG_WARN_OBJC_IMPLICIT_RETAIN_SELF = YES;
				CLANG_WARN_OBJC_LITERAL_CONVERSION = YES;
				CLANG_WARN_OBJC_ROOT_CLASS = YES_ERROR;
				CLANG_WARN_QUOTED_INCLUDE_IN_FRAMEWORK_HEADER = YES;
				CLANG_WARN_RANGE_LOOP_ANALYSIS = YES;
				CLANG_WARN_STRICT_PROTOTYPES = YES;
				CLANG_WARN_SUSPICIOUS_MOVE = YES;
				CLANG_WARN_UNGUARDED_AVAILABILITY = YES_AGGRESSIVE;
				CLANG_WARN_UNREACHABLE_CODE = YES;
				CLANG_WARN__DUPLICATE_METHOD_MATCH = YES;
				COPY_PHASE_STRIP = NO;
				DEBUG_INFORMATION_FORMAT = dwarf;
				ENABLE_STRICT_OBJC_MSGSEND = YES;
				ENABLE_TESTABILITY = YES;
				ENABLE_USER_SCRIPT_SANDBOXING = YES;
				GCC_C_LANGUAGE_STANDARD = gnu17;
				GCC_DYNAMIC_NO_PIC = NO;
				GCC_NO_COMMON_BLOCKS = YES;
				GCC_OPTIMIZATION_LEVEL = 0;
				GCC_PREPROCESSOR_DEFINITIONS = (
					"DEBUG=1",
					"$(inherited)",
				);
				GCC_WARN_64_TO_32_BIT_CONVERSION = YES;
				GCC_WARN_ABOUT_RETURN_TYPE = YES_ERROR;
				GCC_WARN_UNDECLARED_SELECTOR = YES;
				GCC_WARN_UNINITIALIZED_AUTOS = YES_AGGRESSIVE;
				GCC_WARN_UNUSED_FUNCTION = YES;
				GCC_WARN_UNUSED_VARIABLE = YES;
				IPHONEOS_DEPLOYMENT_TARGET = 16.0;
				LOCALIZATION_PREFERS_STRING_CATALOGS = YES;
				MTL_ENABLE_DEBUG_INFO = INCLUDE_SOURCE;
				MTL_FAST_MATH = YES;
				ONLY_ACTIVE_ARCH = YES;
				SDKROOT = iphoneos;
				STRING_CATALOG_GENERATE_SYMBOLS = YES;
				SWIFT_ACTIVE_COMPILATION_CONDITIONS = "DEBUG $(inherited)";
				SWIFT_OPTIMIZATION_LEVEL = "-Onone";
			};
			name = Debug;
		};
		BCP0000000000000000000002 /* Release */ = {
			isa = XCBuildConfiguration;
			buildSettings = {
				ALWAYS_SEARCH_USER_PATHS = NO;
				ASSETCATALOG_COMPILER_GENERATE_SWIFT_ASSET_SYMBOL_EXTENSIONS = YES;
				CLANG_ANALYZER_LOCALIZABILITY_NONLOCALIZED = YES;
				CLANG_ANALYZER_NONNULL = YES;
				CLANG_ANALYZER_NUMBER_OBJECT_CONVERSION = YES_AGGRESSIVE;
				CLANG_CXX_LANGUAGE_STANDARD = "gnu++20";
				CLANG_ENABLE_MODULES = YES;
				CLANG_ENABLE_OBJC_ARC = YES;
				CLANG_ENABLE_OBJC_WEAK = YES;
				CLANG_WARN_BLOCK_CAPTURE_AUTORELEASING = YES;
				CLANG_WARN_BOOL_CONVERSION = YES;
				CLANG_WARN_COMMA = YES;
				CLANG_WARN_CONSTANT_CONVERSION = YES;
				CLANG_WARN_DEPRECATED_OBJC_IMPLEMENTATIONS = YES;
				CLANG_WARN_DIRECT_OBJC_ISA_USAGE = YES_ERROR;
				CLANG_WARN_DOCUMENTATION_COMMENTS = YES;
				CLANG_WARN_EMPTY_BODY = YES;
				CLANG_WARN_ENUM_CONVERSION = YES;
				CLANG_WARN_INFINITE_RECURSION = YES;
				CLANG_WARN_INT_CONVERSION = YES;
				CLANG_WARN_NON_LITERAL_NULL_CONVERSION = YES;
				CLANG_WARN_OBJC_IMPLICIT_RETAIN_SELF = YES;
				CLANG_WARN_OBJC_LITERAL_CONVERSION = YES;
				CLANG_WARN_OBJC_ROOT_CLASS = YES_ERROR;
				CLANG_WARN_QUOTED_INCLUDE_IN_FRAMEWORK_HEADER = YES;
				CLANG_WARN_RANGE_LOOP_ANALYSIS = YES;
				CLANG_WARN_STRICT_PROTOTYPES = YES;
				CLANG_WARN_SUSPICIOUS_MOVE = YES;
				CLANG_WARN_UNGUARDED_AVAILABILITY = YES_AGGRESSIVE;
				CLANG_WARN_UNREACHABLE_CODE = YES;
				CLANG_WARN__DUPLICATE_METHOD_MATCH = YES;
				COPY_PHASE_STRIP = NO;
				DEBUG_INFORMATION_FORMAT = "dwarf-with-dsym";
				ENABLE_NS_ASSERTIONS = NO;
				ENABLE_STRICT_OBJC_MSGSEND = YES;
				ENABLE_USER_SCRIPT_SANDBOXING = YES;
				GCC_C_LANGUAGE_STANDARD = gnu17;
				GCC_NO_COMMON_BLOCKS = YES;
				GCC_WARN_64_TO_32_BIT_CONVERSION = YES;
				GCC_WARN_ABOUT_RETURN_TYPE = YES_ERROR;
				GCC_WARN_UNDECLARED_SELECTOR = YES;
				GCC_WARN_UNINITIALIZED_AUTOS = YES_AGGRESSIVE;
				GCC_WARN_UNUSED_FUNCTION = YES;
				GCC_WARN_UNUSED_VARIABLE = YES;
				IPHONEOS_DEPLOYMENT_TARGET = 16.0;
				LOCALIZATION_PREFERS_STRING_CATALOGS = YES;
				MTL_ENABLE_DEBUG_INFO = NO;
				MTL_FAST_MATH = YES;
				SDKROOT = iphoneos;
				STRING_CATALOG_GENERATE_SYMBOLS = YES;
				SWIFT_COMPILATION_MODE = wholemodule;
				VALIDATE_PRODUCT = YES;
			};
			name = Release;
		};
		BCT0000000000000000000001 /* Debug */ = {
			isa = XCBuildConfiguration;
			buildSettings = {
				ASSETCATALOG_COMPILER_APPICON_NAME = AppIcon;
				ASSETCATALOG_COMPILER_GLOBAL_ACCENT_COLOR_NAME = AccentColor;
				CODE_SIGN_STYLE = Automatic;
				CURRENT_PROJECT_VERSION = 1;
				DEVELOPMENT_ASSET_PATHS = "\"Dosely/Preview Content\"";
				DEVELOPMENT_TEAM = S9WD3DXHUA;
				ENABLE_PREVIEWS = YES;
				GENERATE_INFOPLIST_FILE = YES;
				INFOPLIST_KEY_NSCameraUsageDescription = "Dosely uses the camera to scan prescription labels so you don't have to type them in by hand.";
				INFOPLIST_KEY_NSFaceIDUsageDescription = "Use Face ID to sign in to Dosely without typing your password.";
				INFOPLIST_KEY_UIApplicationSceneManifest_Generation = YES;
				INFOPLIST_KEY_UIApplicationSupportsIndirectInputEvents = YES;
				INFOPLIST_KEY_UILaunchScreen_Generation = YES;
				INFOPLIST_KEY_UISupportedInterfaceOrientations_iPad = "UIInterfaceOrientationPortrait UIInterfaceOrientationPortraitUpsideDown UIInterfaceOrientationLandscapeLeft UIInterfaceOrientationLandscapeRight";
				INFOPLIST_KEY_UISupportedInterfaceOrientations_iPhone = "UIInterfaceOrientationPortrait UIInterfaceOrientationLandscapeLeft UIInterfaceOrientationLandscapeRight";
				LD_RUNPATH_SEARCH_PATHS = (
					"$(inherited)",
					"@executable_path/Frameworks",
				);
				MARKETING_VERSION = 1.0;
				PRODUCT_BUNDLE_IDENTIFIER = com.medication.dosely;
				PRODUCT_NAME = "$(TARGET_NAME)";
				SWIFT_EMIT_LOC_STRINGS = YES;
				SWIFT_VERSION = 5.0;
				TARGETED_DEVICE_FAMILY = "1,2";
			};
			name = Debug;
		};
		BCT0000000000000000000002 /* Release */ = {
			isa = XCBuildConfiguration;
			buildSettings = {
				ASSETCATALOG_COMPILER_APPICON_NAME = AppIcon;
				ASSETCATALOG_COMPILER_GLOBAL_ACCENT_COLOR_NAME = AccentColor;
				CODE_SIGN_STYLE = Automatic;
				CURRENT_PROJECT_VERSION = 1;
				DEVELOPMENT_ASSET_PATHS = "\"Dosely/Preview Content\"";
				DEVELOPMENT_TEAM = S9WD3DXHUA;
				ENABLE_PREVIEWS = YES;
				GENERATE_INFOPLIST_FILE = YES;
				INFOPLIST_KEY_NSCameraUsageDescription = "Dosely uses the camera to scan prescription labels so you don't have to type them in by hand.";
				INFOPLIST_KEY_NSFaceIDUsageDescription = "Use Face ID to sign in to Dosely without typing your password.";
				INFOPLIST_KEY_UIApplicationSceneManifest_Generation = YES;
				INFOPLIST_KEY_UIApplicationSupportsIndirectInputEvents = YES;
				INFOPLIST_KEY_UILaunchScreen_Generation = YES;
				INFOPLIST_KEY_UISupportedInterfaceOrientations_iPad = "UIInterfaceOrientationPortrait UIInterfaceOrientationPortraitUpsideDown UIInterfaceOrientationLandscapeLeft UIInterfaceOrientationLandscapeRight";
				INFOPLIST_KEY_UISupportedInterfaceOrientations_iPhone = "UIInterfaceOrientationPortrait UIInterfaceOrientationLandscapeLeft UIInterfaceOrientationLandscapeRight";
				LD_RUNPATH_SEARCH_PATHS = (
					"$(inherited)",
					"@executable_path/Frameworks",
				);
				MARKETING_VERSION = 1.0;
				PRODUCT_BUNDLE_IDENTIFIER = com.medication.dosely;
				PRODUCT_NAME = "$(TARGET_NAME)";
				SWIFT_EMIT_LOC_STRINGS = YES;
				SWIFT_VERSION = 5.0;
				TARGETED_DEVICE_FAMILY = "1,2";
			};
			name = Release;
		};
		BCT0000000000000000000003 /* Debug */ = {
			isa = XCBuildConfiguration;
			buildSettings = {
				BUNDLE_LOADER = "$(TEST_HOST)";
				CODE_SIGN_STYLE = Automatic;
				CURRENT_PROJECT_VERSION = 1;
				GENERATE_INFOPLIST_FILE = YES;
				IPHONEOS_DEPLOYMENT_TARGET = 16.0;
				MARKETING_VERSION = 1.0;
				PRODUCT_BUNDLE_IDENTIFIER = com.placeholder.DoselyTests;
				PRODUCT_NAME = "$(TARGET_NAME)";
				SWIFT_EMIT_LOC_STRINGS = NO;
				SWIFT_VERSION = 5.0;
				TARGETED_DEVICE_FAMILY = "1,2";
				TEST_HOST = "$(BUILT_PRODUCTS_DIR)/Dosely.app/$(BUNDLE_EXECUTABLE_FOLDER_PATH)/Dosely";
			};
			name = Debug;
		};
		BCT0000000000000000000004 /* Release */ = {
			isa = XCBuildConfiguration;
			buildSettings = {
				BUNDLE_LOADER = "$(TEST_HOST)";
				CODE_SIGN_STYLE = Automatic;
				CURRENT_PROJECT_VERSION = 1;
				GENERATE_INFOPLIST_FILE = YES;
				IPHONEOS_DEPLOYMENT_TARGET = 16.0;
				MARKETING_VERSION = 1.0;
				PRODUCT_BUNDLE_IDENTIFIER = com.placeholder.DoselyTests;
				PRODUCT_NAME = "$(TARGET_NAME)";
				SWIFT_EMIT_LOC_STRINGS = NO;
				SWIFT_VERSION = 5.0;
				TARGETED_DEVICE_FAMILY = "1,2";
				TEST_HOST = "$(BUILT_PRODUCTS_DIR)/Dosely.app/$(BUNDLE_EXECUTABLE_FOLDER_PATH)/Dosely";
			};
			name = Release;
		};
/* End XCBuildConfiguration section */

/* Begin XCConfigurationList section */
		CLP0000000000000000000001 /* Build configuration list for PBXProject "Dosely" */ = {
			isa = XCConfigurationList;
			buildConfigurations = (
				BCP0000000000000000000001 /* Debug */,
				BCP0000000000000000000002 /* Release */,
			);
			defaultConfigurationIsVisible = 0;
			defaultConfigurationName = Release;
		};
		CLT0000000000000000000001 /* Build configuration list for PBXNativeTarget "Dosely" */ = {
			isa = XCConfigurationList;
			buildConfigurations = (
				BCT0000000000000000000001 /* Debug */,
				BCT0000000000000000000002 /* Release */,
			);
			defaultConfigurationIsVisible = 0;
			defaultConfigurationName = Release;
		};
		CLT0000000000000000000002 /* Build configuration list for PBXNativeTarget "DoselyTests" */ = {
			isa = XCConfigurationList;
			buildConfigurations = (
				BCT0000000000000000000003 /* Debug */,
				BCT0000000000000000000004 /* Release */,
			);
			defaultConfigurationIsVisible = 0;
			defaultConfigurationName = Release;
		};
/* End XCConfigurationList section */

/* Begin XCRemoteSwiftPackageReference section */
		13D32A582F9B2303005253C1 /* XCRemoteSwiftPackageReference "firebase-ios-sdk" */ = {
			isa = XCRemoteSwiftPackageReference;
			repositoryURL = "https://github.com/firebase/firebase-ios-sdk";
			requirement = {
				kind = upToNextMajorVersion;
				minimumVersion = 12.12.1;
			};
		};
/* End XCRemoteSwiftPackageReference section */

/* Begin XCSwiftPackageProductDependency section */
		13D32A592F9B2303005253C1 /* FirebaseAuth */ = {
			isa = XCSwiftPackageProductDependency;
			package = 13D32A582F9B2303005253C1 /* XCRemoteSwiftPackageReference "firebase-ios-sdk" */;
			productName = FirebaseAuth;
		};
		13D32A5B2F9B2303005253C1 /* FirebaseCore */ = {
			isa = XCSwiftPackageProductDependency;
			package = 13D32A582F9B2303005253C1 /* XCRemoteSwiftPackageReference "firebase-ios-sdk" */;
			productName = FirebaseCore;
		};
		13D32A5F2F9B2303005253C1 /* FirebaseFirestore */ = {
			isa = XCSwiftPackageProductDependency;
			package = 13D32A582F9B2303005253C1 /* XCRemoteSwiftPackageReference "firebase-ios-sdk" */;
			productName = FirebaseFirestore;
		};
/* End XCSwiftPackageProductDependency section */

/* Begin XCVersionGroup section */
		FRD0000000000000000000004 /* Dosely.xcdatamodeld */ = {
			isa = XCVersionGroup;
			children = (
				FRD0000000000000000000008 /* Dosely.xcdatamodel */,
			);
			currentVersion = FRD0000000000000000000008 /* Dosely.xcdatamodel */;
			path = Dosely.xcdatamodeld;
			sourceTree = "<group>";
			versionGroupType = wrapper.xcdatamodel;
		};
/* End XCVersionGroup section */
	};
	rootObject = PRJ0000000000000000000001 /* Project object */;
}
